
Microsoft Visual Studio Solution File, Format Version 12.00
# Visual Studio Version 17
VisualStudioVersion = 17.4.33122.133
MinimumVisualStudioVersion = 10.0.40219.1
Project("{FAE04EC0-301F-11D3-BF4B-00C04F79EFBC}") = "Vixen_Editor", "Vixen_Editor\Vixen_Editor.csproj", "{3BA98A55-13E8-4702-B2F2-59F68ED03292}"
EndProject
Global
	GlobalSection(SolutionConfigurationPlatforms) = preSolution
		Debug|Any CPU = Debug|Any CPU
		Release|Any CPU = Release|Any CPU
	EndGlobalSection
	GlobalSection(ProjectConfigurationPlatforms) = postSolution
		{3BA98A55-13E8-4702-B2F2-59F68ED03292}.Debug|Any CPU.ActiveCfg = Debug|Any CPU
		{3BA98A55-13E8-4702-B2F2-59F68ED03292}.Debug|Any CPU.Build.0 = Debug|Any CPU
		{3BA98A55-13E8-4702-B2F2-59F68ED03292}.Release|Any CPU.ActiveCfg = Release|Any CPU
		{3BA98A55-13E8-4702-B2F2-59F68ED03292}.Release|Any CPU.Build.0 = Release|Any CPU
	EndGlobalSection
	GlobalSection(SolutionProperties) = preSolution
		HideSolutionNode = FALSE
	EndGlobalSection
	GlobalSection(ExtensibilityGlobals) = postSolution
		SolutionGuid = {4022DCEB-3A23-40A8-B48F-40278D747BBB}
	EndGlobalSection
EndGlobal
